
Microsoft Visual Studio Solution File, Format Version 12.00
# Visual Studio Version 17
VisualStudioVersion = 17.8.34322.80
MinimumVisualStudioVersion = 10.0.40219.1
Project("{2150E333-8FDC-42A3-9474-1A3956D46DE8}") = "Services", "Services", "{99752EA2-92E8-4902-B168-97F41FA76621}"
EndProject
Project("{2150E333-8FDC-42A3-9474-1A3956D46DE8}") = "Catalog", "Catalog", "{7F52B280-A5BD-4D1E-B5AE-308933DDEC3B}"
EndProject
Project("{FAE04EC0-301F-11D3-BF4B-00C04F79EFBC}") = "Catalog.API", "Services\Catalog\Catalog.API\Catalog.API.csproj", "{611D5B27-869C-4801-A77E-BD7802F1123F}"
EndProject
Global
	GlobalSection(SolutionConfigurationPlatforms) = preSolution
		Debug|Any CPU = Debug|Any CPU
		Release|Any CPU = Release|Any CPU
	EndGlobalSection
	GlobalSection(ProjectConfigurationPlatforms) = postSolution
		{611D5B27-869C-4801-A77E-BD7802F1123F}.Debug|Any CPU.ActiveCfg = Debug|Any CPU
		{611D5B27-869C-4801-A77E-BD7802F1123F}.Debug|Any CPU.Build.0 = Debug|Any CPU
		{611D5B27-869C-4801-A77E-BD7802F1123F}.Release|Any CPU.ActiveCfg = Release|Any CPU
		{611D5B27-869C-4801-A77E-BD7802F1123F}.Release|Any CPU.Build.0 = Release|Any CPU
	EndGlobalSection
	GlobalSection(SolutionProperties) = preSolution
		HideSolutionNode = FALSE
	EndGlobalSection
	GlobalSection(NestedProjects) = preSolution
		{7F52B280-A5BD-4D1E-B5AE-308933DDEC3B} = {99752EA2-92E8-4902-B168-97F41FA76621}
		{611D5B27-869C-4801-A77E-BD7802F1123F} = {7F52B280-A5BD-4D1E-B5AE-308933DDEC3B}
	EndGlobalSection
	GlobalSection(ExtensibilityGlobals) = postSolution
		SolutionGuid = {17879DE5-D884-49E4-835C-9FABE46AFC68}
	EndGlobalSection
EndGlobal
